
Microsoft Visual Studio Solution File, Format Version 12.00
# Visual Studio Version 17
VisualStudioVersion = 17.3.32922.545
MinimumVisualStudioVersion = 10.0.40219.1
Project("{9A19103F-16F7-4668-BE54-9A1E7A4F7556}") = "KampCSharp", "KampCSharp\KampCSharp.csproj", "{F1E63EC5-DD59-4B26-A6ED-BF4ACA8D95AD}"
EndProject
Project("{9A19103F-16F7-4668-BE54-9A1E7A4F7556}") = "Methods", "Methods\Methods.csproj", "{C238951B-783E-4902-9956-DF4971139EF9}"
EndProject
Project("{9A19103F-16F7-4668-BE54-9A1E7A4F7556}") = "Matematik", "Matematik\Matematik.csproj", "{67202E54-8EBA-4E8A-AFB9-13F33ABFC682}"
EndProject
Project("{9A19103F-16F7-4668-BE54-9A1E7A4F7556}") = "DegerVeReferansTipler", "DegerVeReferansTipler\DegerVeReferansTipler.csproj", "{48E49F74-F5A3-43CB-8509-CF7FE994235E}"
EndProject
Project("{9A19103F-16F7-4668-BE54-9A1E7A4F7556}") = "OOP", "OOP\OOP.csproj", "{4A80A9F6-546B-4468-9743-C00100EDF373}"
EndProject
Project("{9A19103F-16F7-4668-BE54-9A1E7A4F7556}") = "Koleksiyonlar", "Koleksiyonlar\Koleksiyonlar.csproj", "{11997FA4-09CE-4AB3-A8F5-8D155388C8AF}"
EndProject
Project("{9A19103F-16F7-4668-BE54-9A1E7A4F7556}") = "GenericsIntro", "GenericsIntro\GenericsIntro.csproj", "{39AF716F-3206-4AFA-8AB2-95ED95AD4A30}"
EndProject
Project("{FAE04EC0-301F-11D3-BF4B-00C04F79EFBC}") = "Oop2", "Oop2\Oop2.csproj", "{11482F07-D710-4083-8D8D-3DE0C1647787}"
EndProject
Project("{FAE04EC0-301F-11D3-BF4B-00C04F79EFBC}") = "Oop3", "Oop3\Oop3.csproj", "{B084FD63-F080-4ADF-A831-961A94502BA5}"
EndProject
Global
	GlobalSection(SolutionConfigurationPlatforms) = preSolution
		Debug|Any CPU = Debug|Any CPU
		Release|Any CPU = Release|Any CPU
	EndGlobalSection
	GlobalSection(ProjectConfigurationPlatforms) = postSolution
		{F1E63EC5-DD59-4B26-A6ED-BF4ACA8D95AD}.Debug|Any CPU.ActiveCfg = Debug|Any CPU
		{F1E63EC5-DD59-4B26-A6ED-BF4ACA8D95AD}.Debug|Any CPU.Build.0 = Debug|Any CPU
		{F1E63EC5-DD59-4B26-A6ED-BF4ACA8D95AD}.Release|Any CPU.ActiveCfg = Release|Any CPU
		{F1E63EC5-DD59-4B26-A6ED-BF4ACA8D95AD}.Release|Any CPU.Build.0 = Release|Any CPU
		{C238951B-783E-4902-9956-DF4971139EF9}.Debug|Any CPU.ActiveCfg = Debug|Any CPU
		{C238951B-783E-4902-9956-DF4971139EF9}.Debug|Any CPU.Build.0 = Debug|Any CPU
		{C238951B-783E-4902-9956-DF4971139EF9}.Release|Any CPU.ActiveCfg = Release|Any CPU
		{C238951B-783E-4902-9956-DF4971139EF9}.Release|Any CPU.Build.0 = Release|Any CPU
		{67202E54-8EBA-4E8A-AFB9-13F33ABFC682}.Debug|Any CPU.ActiveCfg = Debug|Any CPU
		{67202E54-8EBA-4E8A-AFB9-13F33ABFC682}.Debug|Any CPU.Build.0 = Debug|Any CPU
		{67202E54-8EBA-4E8A-AFB9-13F33ABFC682}.Release|Any CPU.ActiveCfg = Release|Any CPU
		{67202E54-8EBA-4E8A-AFB9-13F33ABFC682}.Release|Any CPU.Build.0 = Release|Any CPU
		{48E49F74-F5A3-43CB-8509-CF7FE994235E}.Debug|Any CPU.ActiveCfg = Debug|Any CPU
		{48E49F74-F5A3-43CB-8509-CF7FE994235E}.Debug|Any CPU.Build.0 = Debug|Any CPU
		{48E49F74-F5A3-43CB-8509-CF7FE994235E}.Release|Any CPU.ActiveCfg = Release|Any CPU
		{48E49F74-F5A3-43CB-8509-CF7FE994235E}.Release|Any CPU.Build.0 = Release|Any CPU
		{4A80A9F6-546B-4468-9743-C00100EDF373}.Debug|Any CPU.ActiveCfg = Debug|Any CPU
		{4A80A9F6-546B-4468-9743-C00100EDF373}.Debug|Any CPU.Build.0 = Debug|Any CPU
		{4A80A9F6-546B-4468-9743-C00100EDF373}.Release|Any CPU.ActiveCfg = Release|Any CPU
		{4A80A9F6-546B-4468-9743-C00100EDF373}.Release|Any CPU.Build.0 = Release|Any CPU
		{11997FA4-09CE-4AB3-A8F5-8D155388C8AF}.Debug|Any CPU.ActiveCfg = Debug|Any CPU
		{11997FA4-09CE-4AB3-A8F5-8D155388C8AF}.Debug|Any CPU.Build.0 = Debug|Any CPU
		{11997FA4-09CE-4AB3-A8F5-8D155388C8AF}.Release|Any CPU.ActiveCfg = Release|Any CPU
		{11997FA4-09CE-4AB3-A8F5-8D155388C8AF}.Release|Any CPU.Build.0 = Release|Any CPU
		{39AF716F-3206-4AFA-8AB2-95ED95AD4A30}.Debug|Any CPU.ActiveCfg = Debug|Any CPU
		{39AF716F-3206-4AFA-8AB2-95ED95AD4A30}.Debug|Any CPU.Build.0 = Debug|Any CPU
		{39AF716F-3206-4AFA-8AB2-95ED95AD4A30}.Release|Any CPU.ActiveCfg = Release|Any CPU
		{39AF716F-3206-4AFA-8AB2-95ED95AD4A30}.Release|Any CPU.Build.0 = Release|Any CPU
		{11482F07-D710-4083-8D8D-3DE0C1647787}.Debug|Any CPU.ActiveCfg = Debug|Any CPU
		{11482F07-D710-4083-8D8D-3DE0C1647787}.Debug|Any CPU.Build.0 = Debug|Any CPU
		{11482F07-D710-4083-8D8D-3DE0C1647787}.Release|Any CPU.ActiveCfg = Release|Any CPU
		{11482F07-D710-4083-8D8D-3DE0C1647787}.Release|Any CPU.Build.0 = Release|Any CPU
		{B084FD63-F080-4ADF-A831-961A94502BA5}.Debug|Any CPU.ActiveCfg = Debug|Any CPU
		{B084FD63-F080-4ADF-A831-961A94502BA5}.Debug|Any CPU.Build.0 = Debug|Any CPU
		{B084FD63-F080-4ADF-A831-961A94502BA5}.Release|Any CPU.ActiveCfg = Release|Any CPU
		{B084FD63-F080-4ADF-A831-961A94502BA5}.Release|Any CPU.Build.0 = Release|Any CPU
	EndGlobalSection
	GlobalSection(SolutionProperties) = preSolution
		HideSolutionNode = FALSE
	EndGlobalSection
	GlobalSection(ExtensibilityGlobals) = postSolution
		SolutionGuid = {52FD8BA5-ACDD-4487-BB6D-A50EFE535014}
	EndGlobalSection
EndGlobal
